
Microsoft Visual Studio Solution File, Format Version 12.00
# Visual Studio Version 17
VisualStudioVersion = 17.7.34003.232
MinimumVisualStudioVersion = 10.0.40219.1
Project("{FAE04EC0-301F-11D3-BF4B-00C04F79EFBC}") = "TA24_3_sgallego", "TA24_3_sgallego\TA24_3_sgallego.csproj", "{8A0FBA57-DDFD-4C37-8D7C-DF1ADADAF5A2}"
EndProject
Global
	GlobalSection(SolutionConfigurationPlatforms) = preSolution
		Debug|Any CPU = Debug|Any CPU
		Release|Any CPU = Release|Any CPU
	EndGlobalSection
	GlobalSection(ProjectConfigurationPlatforms) = postSolution
		{8A0FBA57-DDFD-4C37-8D7C-DF1ADADAF5A2}.Debug|Any CPU.ActiveCfg = Debug|Any CPU
		{8A0FBA57-DDFD-4C37-8D7C-DF1ADADAF5A2}.Debug|Any CPU.Build.0 = Debug|Any CPU
		{8A0FBA57-DDFD-4C37-8D7C-DF1ADADAF5A2}.Release|Any CPU.ActiveCfg = Release|Any CPU
		{8A0FBA57-DDFD-4C37-8D7C-DF1ADADAF5A2}.Release|Any CPU.Build.0 = Release|Any CPU
	EndGlobalSection
	GlobalSection(SolutionProperties) = preSolution
		HideSolutionNode = FALSE
	EndGlobalSection
	GlobalSection(ExtensibilityGlobals) = postSolution
		SolutionGuid = {6A01F6E5-3261-4CD8-8320-A03F0E9B8D3D}
	EndGlobalSection
EndGlobal
